// !$*UTF8*$!
{
	archiveVersion = 1;
	classes = {
	};
	objectVersion = 48;
	objects = {

/* Begin PBXBuildFile section */
		2F590A8E4EFC967D179AF110 /* libPods-Whiteboard.a in Frameworks */ = {isa = PBXBuildFile; fileRef = 575A3AB15B565552AC7D8CE9 /* libPods-Whiteboard.a */; };
		464ACCC11FB0662E003778D9 /* WBMessageEditController.m in Sources */ = {isa = PBXBuildFile; fileRef = 464ACCBF1FB0662E003778D9 /* WBMessageEditController.m */; };
		464ACCC21FB0662E003778D9 /* WBMessageEditController.xib in Resources */ = {isa = PBXBuildFile; fileRef = 464ACCC01FB0662E003778D9 /* WBMessageEditController.xib */; };
		464ACCC61FB06815003778D9 /* WBMessageHistoryController.m in Sources */ = {isa = PBXBuildFile; fileRef = 464ACCC51FB06815003778D9 /* WBMessageHistoryController.m */; };
		464ACCCA1FB069BB003778D9 /* WBMessageDetailController.m in Sources */ = {isa = PBXBuildFile; fileRef = 464ACCC91FB069BB003778D9 /* WBMessageDetailController.m */; };
		465E478D1FB0454C0067ABED /* NSString+OPSize.m in Sources */ = {isa = PBXBuildFile; fileRef = 465E478C1FB0454C0067ABED /* NSString+OPSize.m */; };
		465E47951FB04AFA0067ABED /* WBHomePageCellModel.m in Sources */ = {isa = PBXBuildFile; fileRef = 465E47941FB04AFA0067ABED /* WBHomePageCellModel.m */; };
		465E47A01FB04FAA0067ABED /* WBMeHeaderView.m in Sources */ = {isa = PBXBuildFile; fileRef = 465E479F1FB04FAA0067ABED /* WBMeHeaderView.m */; };
		465E47A21FB04FB40067ABED /* WBMeHeaderView.xib in Resources */ = {isa = PBXBuildFile; fileRef = 465E47A11FB04FB40067ABED /* WBMeHeaderView.xib */; };
		465E47A61FB050DC0067ABED /* WBMeMoreCell.m in Sources */ = {isa = PBXBuildFile; fileRef = 465E47A41FB050DC0067ABED /* WBMeMoreCell.m */; };
		465E47A71FB050DC0067ABED /* WBMeMoreCell.xib in Resources */ = {isa = PBXBuildFile; fileRef = 465E47A51FB050DC0067ABED /* WBMeMoreCell.xib */; };
		465E47B01FB05C6C0067ABED /* WBHomePageCell.m in Sources */ = {isa = PBXBuildFile; fileRef = 465E47AE1FB05C6B0067ABED /* WBHomePageCell.m */; };
		465E47B11FB05C6C0067ABED /* WBHomePageCell.xib in Resources */ = {isa = PBXBuildFile; fileRef = 465E47AF1FB05C6B0067ABED /* WBHomePageCell.xib */; };
		465E47B61FB05CBF0067ABED /* WBBoardListController.m in Sources */ = {isa = PBXBuildFile; fileRef = 465E47B41FB05CBF0067ABED /* WBBoardListController.m */; };
		465E47B71FB05CBF0067ABED /* WBBoardListController.xib in Resources */ = {isa = PBXBuildFile; fileRef = 465E47B51FB05CBF0067ABED /* WBBoardListController.xib */; };
		465E47BC1FB05D2F0067ABED /* WBBlackboardListItemCell.m in Sources */ = {isa = PBXBuildFile; fileRef = 465E47BA1FB05D2F0067ABED /* WBBlackboardListItemCell.m */; };
		465E47BD1FB05D2F0067ABED /* WBBlackboardListItemCell.xib in Resources */ = {isa = PBXBuildFile; fileRef = 465E47BB1FB05D2F0067ABED /* WBBlackboardListItemCell.xib */; };
		465E47C21FB060430067ABED /* WBBoardAddController.m in Sources */ = {isa = PBXBuildFile; fileRef = 465E47C01FB060430067ABED /* WBBoardAddController.m */; };
		465E47C31FB060430067ABED /* WBBoardAddController.xib in Resources */ = {isa = PBXBuildFile; fileRef = 465E47C11FB060430067ABED /* WBBoardAddController.xib */; };
		465E47C71FB062780067ABED /* WBSelectPhotoTool.m in Sources */ = {isa = PBXBuildFile; fileRef = 465E47C61FB062780067ABED /* WBSelectPhotoTool.m */; };
		465E47CB1FB062D40067ABED /* UITools.m in Sources */ = {isa = PBXBuildFile; fileRef = 465E47CA1FB062D40067ABED /* UITools.m */; };
		46639C331FAEE4F6008A7AB9 /* AppDelegate.m in Sources */ = {isa = PBXBuildFile; fileRef = 46639C321FAEE4F6008A7AB9 /* AppDelegate.m */; };
		46639C3B1FAEE4F6008A7AB9 /* Assets.xcassets in Resources */ = {isa = PBXBuildFile; fileRef = 46639C3A1FAEE4F6008A7AB9 /* Assets.xcassets */; };
		46639C3E1FAEE4F6008A7AB9 /* LaunchScreen.storyboard in Resources */ = {isa = PBXBuildFile; fileRef = 46639C3C1FAEE4F6008A7AB9 /* LaunchScreen.storyboard */; };
		46639C411FAEE4F6008A7AB9 /* main.m in Sources */ = {isa = PBXBuildFile; fileRef = 46639C401FAEE4F6008A7AB9 /* main.m */; };
		46639C561FAEE96C008A7AB9 /* WBBaseController.m in Sources */ = {isa = PBXBuildFile; fileRef = 46639C551FAEE96C008A7AB9 /* WBBaseController.m */; };
		46639C5F1FAEEB3E008A7AB9 /* UIColor+Hex.m in Sources */ = {isa = PBXBuildFile; fileRef = 46639C5E1FAEEB3E008A7AB9 /* UIColor+Hex.m */; };
		46639C6D1FAEEC1E008A7AB9 /* UIView+Frame.m in Sources */ = {isa = PBXBuildFile; fileRef = 46639C631FAEEC1E008A7AB9 /* UIView+Frame.m */; };
		46639C6E1FAEEC1E008A7AB9 /* UIView+Inspectable.m in Sources */ = {isa = PBXBuildFile; fileRef = 46639C661FAEEC1E008A7AB9 /* UIView+Inspectable.m */; };
		46639C6F1FAEEC1E008A7AB9 /* UIView+NextResponder.m in Sources */ = {isa = PBXBuildFile; fileRef = 46639C691FAEEC1E008A7AB9 /* UIView+NextResponder.m */; };
		46639C701FAEEC1E008A7AB9 /* UIView+Toast.m in Sources */ = {isa = PBXBuildFile; fileRef = 46639C6C1FAEEC1E008A7AB9 /* UIView+Toast.m */; };
		46639C771FAEEC32008A7AB9 /* UIViewController+NavBarItemExtension.m in Sources */ = {isa = PBXBuildFile; fileRef = 46639C751FAEEC32008A7AB9 /* UIViewController+NavBarItemExtension.m */; };
		46639C7B1FAEF0FC008A7AB9 /* WBLoginController.m in Sources */ = {isa = PBXBuildFile; fileRef = 46639C791FAEF0FC008A7AB9 /* WBLoginController.m */; };
		46639C7C1FAEF0FC008A7AB9 /* WBLoginController.xib in Resources */ = {isa = PBXBuildFile; fileRef = 46639C7A1FAEF0FC008A7AB9 /* WBLoginController.xib */; };
		46639C7F1FAEF256008A7AB9 /* WBModuleControl.m in Sources */ = {isa = PBXBuildFile; fileRef = 46639C7E1FAEF256008A7AB9 /* WBModuleControl.m */; };
		46639C841FAEF569008A7AB9 /* WBRegisterController.m in Sources */ = {isa = PBXBuildFile; fileRef = 46639C821FAEF569008A7AB9 /* WBRegisterController.m */; };
		46639C851FAEF569008A7AB9 /* WBRegisterController.xib in Resources */ = {isa = PBXBuildFile; fileRef = 46639C831FAEF569008A7AB9 /* WBRegisterController.xib */; };
		46639C881FAF0C03008A7AB9 /* WBNavigationController.m in Sources */ = {isa = PBXBuildFile; fileRef = 46639C871FAF0C03008A7AB9 /* WBNavigationController.m */; };
		46639C8C1FAF12FA008A7AB9 /* WBTabBarController.m in Sources */ = {isa = PBXBuildFile; fileRef = 46639C8B1FAF12FA008A7AB9 /* WBTabBarController.m */; };
		46639C901FAF1334008A7AB9 /* WBTabBar.m in Sources */ = {isa = PBXBuildFile; fileRef = 46639C8F1FAF1334008A7AB9 /* WBTabBar.m */; };
		46639C931FAF1345008A7AB9 /* WBTabBarButton.m in Sources */ = {isa = PBXBuildFile; fileRef = 46639C921FAF1345008A7AB9 /* WBTabBarButton.m */; };
		46639C9F1FAF162D008A7AB9 /* WBHomePageController.m in Sources */ = {isa = PBXBuildFile; fileRef = 46639C9E1FAF162C008A7AB9 /* WBHomePageController.m */; };
		46639CA31FAF1642008A7AB9 /* WBMEController.m in Sources */ = {isa = PBXBuildFile; fileRef = 46639CA21FAF1642008A7AB9 /* WBMEController.m */; };
		46639CA81FAF17AF008A7AB9 /* WBHUD.m in Sources */ = {isa = PBXBuildFile; fileRef = 46639CA71FAF17AF008A7AB9 /* WBHUD.m */; };
/* End PBXBuildFile section */

/* Begin PBXFileReference section */
		3A4B4B4C7956696616DAD624 /* Pods-Whiteboard.debug.xcconfig */ = {isa = PBXFileReference; includeInIndex = 1; lastKnownFileType = text.xcconfig; name = "Pods-Whiteboard.debug.xcconfig"; path = "Pods/Target Support Files/Pods-Whiteboard/Pods-Whiteboard.debug.xcconfig"; sourceTree = "<group>"; };
		464ACCBE1FB0662E003778D9 /* WBMessageEditController.h */ = {isa = PBXFileReference; lastKnownFileType = sourcecode.c.h; path = WBMessageEditController.h; sourceTree = "<group>"; };
		464ACCBF1FB0662E003778D9 /* WBMessageEditController.m */ = {isa = PBXFileReference; lastKnownFileType = sourcecode.c.objc; path = WBMessageEditController.m; sourceTree = "<group>"; };
		464ACCC01FB0662E003778D9 /* WBMessageEditController.xib */ = {isa = PBXFileReference; lastKnownFileType = file.xib; path = WBMessageEditController.xib; sourceTree = "<group>"; };
		464ACCC41FB06815003778D9 /* WBMessageHistoryController.h */ = {isa = PBXFileReference; lastKnownFileType = sourcecode.c.h; path = WBMessageHistoryController.h; sourceTree = "<group>"; };
		464ACCC51FB06815003778D9 /* WBMessageHistoryController.m */ = {isa = PBXFileReference; lastKnownFileType = sourcecode.c.objc; path = WBMessageHistoryController.m; sourceTree = "<group>"; };
		464ACCC81FB069BB003778D9 /* WBMessageDetailController.h */ = {isa = PBXFileReference; lastKnownFileType = sourcecode.c.h; path = WBMessageDetailController.h; sourceTree = "<group>"; };
		464ACCC91FB069BB003778D9 /* WBMessageDetailController.m */ = {isa = PBXFileReference; lastKnownFileType = sourcecode.c.objc; path = WBMessageDetailController.m; sourceTree = "<group>"; };
		465E478B1FB0454C0067ABED /* NSString+OPSize.h */ = {isa = PBXFileReference; fileEncoding = 4; lastKnownFileType = sourcecode.c.h; path = "NSString+OPSize.h"; sourceTree = "<group>"; };
		465E478C1FB0454C0067ABED /* NSString+OPSize.m */ = {isa = PBXFileReference; fileEncoding = 4; lastKnownFileType = sourcecode.c.objc; path = "NSString+OPSize.m"; sourceTree = "<group>"; };
		465E47931FB04AFA0067ABED /* WBHomePageCellModel.h */ = {isa = PBXFileReference; lastKnownFileType = sourcecode.c.h; path = WBHomePageCellModel.h; sourceTree = "<group>"; };
		465E47941FB04AFA0067ABED /* WBHomePageCellModel.m */ = {isa = PBXFileReference; lastKnownFileType = sourcecode.c.objc; path = WBHomePageCellModel.m; sourceTree = "<group>"; };
		465E479E1FB04FAA0067ABED /* WBMeHeaderView.h */ = {isa = PBXFileReference; lastKnownFileType = sourcecode.c.h; path = WBMeHeaderView.h; sourceTree = "<group>"; };
		465E479F1FB04FAA0067ABED /* WBMeHeaderView.m */ = {isa = PBXFileReference; lastKnownFileType = sourcecode.c.objc; path = WBMeHeaderView.m; sourceTree = "<group>"; };
		465E47A11FB04FB40067ABED /* WBMeHeaderView.xib */ = {isa = PBXFileReference; lastKnownFileType = file.xib; path = WBMeHeaderView.xib; sourceTree = "<group>"; };
		465E47A31FB050DC0067ABED /* WBMeMoreCell.h */ = {isa = PBXFileReference; lastKnownFileType = sourcecode.c.h; path = WBMeMoreCell.h; sourceTree = "<group>"; };
		465E47A41FB050DC0067ABED /* WBMeMoreCell.m */ = {isa = PBXFileReference; lastKnownFileType = sourcecode.c.objc; path = WBMeMoreCell.m; sourceTree = "<group>"; };
		465E47A51FB050DC0067ABED /* WBMeMoreCell.xib */ = {isa = PBXFileReference; lastKnownFileType = file.xib; path = WBMeMoreCell.xib; sourceTree = "<group>"; };
		465E47AD1FB05C6B0067ABED /* WBHomePageCell.h */ = {isa = PBXFileReference; fileEncoding = 4; lastKnownFileType = sourcecode.c.h; path = WBHomePageCell.h; sourceTree = "<group>"; };
		465E47AE1FB05C6B0067ABED /* WBHomePageCell.m */ = {isa = PBXFileReference; fileEncoding = 4; lastKnownFileType = sourcecode.c.objc; path = WBHomePageCell.m; sourceTree = "<group>"; };
		465E47AF1FB05C6B0067ABED /* WBHomePageCell.xib */ = {isa = PBXFileReference; fileEncoding = 4; lastKnownFileType = file.xib; path = WBHomePageCell.xib; sourceTree = "<group>"; };
		465E47B31FB05CBF0067ABED /* WBBoardListController.h */ = {isa = PBXFileReference; lastKnownFileType = sourcecode.c.h; path = WBBoardListController.h; sourceTree = "<group>"; };
		465E47B41FB05CBF0067ABED /* WBBoardListController.m */ = {isa = PBXFileReference; lastKnownFileType = sourcecode.c.objc; path = WBBoardListController.m; sourceTree = "<group>"; };
		465E47B51FB05CBF0067ABED /* WBBoardListController.xib */ = {isa = PBXFileReference; lastKnownFileType = file.xib; path = WBBoardListController.xib; sourceTree = "<group>"; };
		465E47B91FB05D2F0067ABED /* WBBlackboardListItemCell.h */ = {isa = PBXFileReference; lastKnownFileType = sourcecode.c.h; path = WBBlackboardListItemCell.h; sourceTree = "<group>"; };
		465E47BA1FB05D2F0067ABED /* WBBlackboardListItemCell.m */ = {isa = PBXFileReference; lastKnownFileType = sourcecode.c.objc; path = WBBlackboardListItemCell.m; sourceTree = "<group>"; };
		465E47BB1FB05D2F0067ABED /* WBBlackboardListItemCell.xib */ = {isa = PBXFileReference; lastKnownFileType = file.xib; path = WBBlackboardListItemCell.xib; sourceTree = "<group>"; };
		465E47BF1FB060430067ABED /* WBBoardAddController.h */ = {isa = PBXFileReference; lastKnownFileType = sourcecode.c.h; path = WBBoardAddController.h; sourceTree = "<group>"; };
		465E47C01FB060430067ABED /* WBBoardAddController.m */ = {isa = PBXFileReference; lastKnownFileType = sourcecode.c.objc; path = WBBoardAddController.m; sourceTree = "<group>"; };
		465E47C11FB060430067ABED /* WBBoardAddController.xib */ = {isa = PBXFileReference; lastKnownFileType = file.xib; path = WBBoardAddController.xib; sourceTree = "<group>"; };
		465E47C51FB062780067ABED /* WBSelectPhotoTool.h */ = {isa = PBXFileReference; fileEncoding = 4; lastKnownFileType = sourcecode.c.h; path = WBSelectPhotoTool.h; sourceTree = "<group>"; };
		465E47C61FB062780067ABED /* WBSelectPhotoTool.m */ = {isa = PBXFileReference; fileEncoding = 4; lastKnownFileType = sourcecode.c.objc; path = WBSelectPhotoTool.m; sourceTree = "<group>"; };
		465E47C91FB062D40067ABED /* UITools.h */ = {isa = PBXFileReference; fileEncoding = 4; lastKnownFileType = sourcecode.c.h; path = UITools.h; sourceTree = "<group>"; };
		465E47CA1FB062D40067ABED /* UITools.m */ = {isa = PBXFileReference; fileEncoding = 4; lastKnownFileType = sourcecode.c.objc; path = UITools.m; sourceTree = "<group>"; };
		46639C2E1FAEE4F6008A7AB9 /* Whiteboard.app */ = {isa = PBXFileReference; explicitFileType = wrapper.application; includeInIndex = 0; path = Whiteboard.app; sourceTree = BUILT_PRODUCTS_DIR; };
		46639C311FAEE4F6008A7AB9 /* AppDelegate.h */ = {isa = PBXFileReference; lastKnownFileType = sourcecode.c.h; path = AppDelegate.h; sourceTree = "<group>"; };
		46639C321FAEE4F6008A7AB9 /* AppDelegate.m */ = {isa = PBXFileReference; lastKnownFileType = sourcecode.c.objc; path = AppDelegate.m; sourceTree = "<group>"; };
		46639C3A1FAEE4F6008A7AB9 /* Assets.xcassets */ = {isa = PBXFileReference; lastKnownFileType = folder.assetcatalog; path = Assets.xcassets; sourceTree = "<group>"; };
		46639C3D1FAEE4F6008A7AB9 /* Base */ = {isa = PBXFileReference; lastKnownFileType = file.storyboard; name = Base; path = Base.lproj/LaunchScreen.storyboard; sourceTree = "<group>"; };
		46639C3F1FAEE4F6008A7AB9 /* Info.plist */ = {isa = PBXFileReference; lastKnownFileType = text.plist.xml; path = Info.plist; sourceTree = "<group>"; };
		46639C401FAEE4F6008A7AB9 /* main.m */ = {isa = PBXFileReference; lastKnownFileType = sourcecode.c.objc; path = main.m; sourceTree = "<group>"; };
		46639C541FAEE96C008A7AB9 /* WBBaseController.h */ = {isa = PBXFileReference; lastKnownFileType = sourcecode.c.h; path = WBBaseController.h; sourceTree = "<group>"; };
		46639C551FAEE96C008A7AB9 /* WBBaseController.m */ = {isa = PBXFileReference; lastKnownFileType = sourcecode.c.objc; path = WBBaseController.m; sourceTree = "<group>"; };
		46639C591FAEEA2A008A7AB9 /* WBConfig.pch */ = {isa = PBXFileReference; lastKnownFileType = sourcecode.c.h; path = WBConfig.pch; sourceTree = "<group>"; };
		46639C5A1FAEEA99008A7AB9 /* WBConst.h */ = {isa = PBXFileReference; lastKnownFileType = sourcecode.c.h; path = WBConst.h; sourceTree = "<group>"; };
		46639C5B1FAEEABB008A7AB9 /* LxDBAnything.h */ = {isa = PBXFileReference; lastKnownFileType = sourcecode.c.h; path = LxDBAnything.h; sourceTree = "<group>"; };
		46639C5D1FAEEB3E008A7AB9 /* UIColor+Hex.h */ = {isa = PBXFileReference; lastKnownFileType = sourcecode.c.h; path = "UIColor+Hex.h"; sourceTree = "<group>"; };
		46639C5E1FAEEB3E008A7AB9 /* UIColor+Hex.m */ = {isa = PBXFileReference; lastKnownFileType = sourcecode.c.objc; path = "UIColor+Hex.m"; sourceTree = "<group>"; };
		46639C621FAEEC1E008A7AB9 /* UIView+Frame.h */ = {isa = PBXFileReference; fileEncoding = 4; lastKnownFileType = sourcecode.c.h; path = "UIView+Frame.h"; sourceTree = "<group>"; };
		46639C631FAEEC1E008A7AB9 /* UIView+Frame.m */ = {isa = PBXFileReference; fileEncoding = 4; lastKnownFileType = sourcecode.c.objc; path = "UIView+Frame.m"; sourceTree = "<group>"; };
		46639C651FAEEC1E008A7AB9 /* UIView+Inspectable.h */ = {isa = PBXFileReference; fileEncoding = 4; lastKnownFileType = sourcecode.c.h; path = "UIView+Inspectable.h"; sourceTree = "<group>"; };
		46639C661FAEEC1E008A7AB9 /* UIView+Inspectable.m */ = {isa = PBXFileReference; fileEncoding = 4; lastKnownFileType = sourcecode.c.objc; path = "UIView+Inspectable.m"; sourceTree = "<group>"; };
		46639C681FAEEC1E008A7AB9 /* UIView+NextResponder.h */ = {isa = PBXFileReference; fileEncoding = 4; lastKnownFileType = sourcecode.c.h; path = "UIView+NextResponder.h"; sourceTree = "<group>"; };
		46639C691FAEEC1E008A7AB9 /* UIView+NextResponder.m */ = {isa = PBXFileReference; fileEncoding = 4; lastKnownFileType = sourcecode.c.objc; path = "UIView+NextResponder.m"; sourceTree = "<group>"; };
		46639C6B1FAEEC1E008A7AB9 /* UIView+Toast.h */ = {isa = PBXFileReference; fileEncoding = 4; lastKnownFileType = sourcecode.c.h; path = "UIView+Toast.h"; sourceTree = "<group>"; };
		46639C6C1FAEEC1E008A7AB9 /* UIView+Toast.m */ = {isa = PBXFileReference; fileEncoding = 4; lastKnownFileType = sourcecode.c.objc; path = "UIView+Toast.m"; sourceTree = "<group>"; };
		46639C741FAEEC32008A7AB9 /* UIViewController+NavBarItemExtension.h */ = {isa = PBXFileReference; fileEncoding = 4; lastKnownFileType = sourcecode.c.h; path = "UIViewController+NavBarItemExtension.h"; sourceTree = "<group>"; };
		46639C751FAEEC32008A7AB9 /* UIViewController+NavBarItemExtension.m */ = {isa = PBXFileReference; fileEncoding = 4; lastKnownFileType = sourcecode.c.objc; path = "UIViewController+NavBarItemExtension.m"; sourceTree = "<group>"; };
		46639C781FAEF0FC008A7AB9 /* WBLoginController.h */ = {isa = PBXFileReference; lastKnownFileType = sourcecode.c.h; path = WBLoginController.h; sourceTree = "<group>"; };
		46639C791FAEF0FC008A7AB9 /* WBLoginController.m */ = {isa = PBXFileReference; lastKnownFileType = sourcecode.c.objc; path = WBLoginController.m; sourceTree = "<group>"; };
		46639C7A1FAEF0FC008A7AB9 /* WBLoginController.xib */ = {isa = PBXFileReference; lastKnownFileType = file.xib; path = WBLoginController.xib; sourceTree = "<group>"; };
		46639C7D1FAEF256008A7AB9 /* WBModuleControl.h */ = {isa = PBXFileReference; lastKnownFileType = sourcecode.c.h; path = WBModuleControl.h; sourceTree = "<group>"; };
		46639C7E1FAEF256008A7AB9 /* WBModuleControl.m */ = {isa = PBXFileReference; lastKnownFileType = sourcecode.c.objc; path = WBModuleControl.m; sourceTree = "<group>"; };
		46639C811FAEF569008A7AB9 /* WBRegisterController.h */ = {isa = PBXFileReference; lastKnownFileType = sourcecode.c.h; path = WBRegisterController.h; sourceTree = "<group>"; };
		46639C821FAEF569008A7AB9 /* WBRegisterController.m */ = {isa = PBXFileReference; lastKnownFileType = sourcecode.c.objc; path = WBRegisterController.m; sourceTree = "<group>"; };
		46639C831FAEF569008A7AB9 /* WBRegisterController.xib */ = {isa = PBXFileReference; lastKnownFileType = file.xib; path = WBRegisterController.xib; sourceTree = "<group>"; };
		46639C861FAF0C03008A7AB9 /* WBNavigationController.h */ = {isa = PBXFileReference; lastKnownFileType = sourcecode.c.h; path = WBNavigationController.h; sourceTree = "<group>"; };
		46639C871FAF0C03008A7AB9 /* WBNavigationController.m */ = {isa = PBXFileReference; lastKnownFileType = sourcecode.c.objc; path = WBNavigationController.m; sourceTree = "<group>"; };
		46639C8A1FAF12FA008A7AB9 /* WBTabBarController.h */ = {isa = PBXFileReference; lastKnownFileType = sourcecode.c.h; path = WBTabBarController.h; sourceTree = "<group>"; };
		46639C8B1FAF12FA008A7AB9 /* WBTabBarController.m */ = {isa = PBXFileReference; lastKnownFileType = sourcecode.c.objc; path = WBTabBarController.m; sourceTree = "<group>"; };
		46639C8E1FAF1334008A7AB9 /* WBTabBar.h */ = {isa = PBXFileReference; lastKnownFileType = sourcecode.c.h; path = WBTabBar.h; sourceTree = "<group>"; };
		46639C8F1FAF1334008A7AB9 /* WBTabBar.m */ = {isa = PBXFileReference; lastKnownFileType = sourcecode.c.objc; path = WBTabBar.m; sourceTree = "<group>"; };
		46639C911FAF1345008A7AB9 /* WBTabBarButton.h */ = {isa = PBXFileReference; lastKnownFileType = sourcecode.c.h; path = WBTabBarButton.h; sourceTree = "<group>"; };
		46639C921FAF1345008A7AB9 /* WBTabBarButton.m */ = {isa = PBXFileReference; lastKnownFileType = sourcecode.c.objc; path = WBTabBarButton.m; sourceTree = "<group>"; };
		46639C9D1FAF162C008A7AB9 /* WBHomePageController.h */ = {isa = PBXFileReference; fileEncoding = 4; lastKnownFileType = sourcecode.c.h; path = WBHomePageController.h; sourceTree = "<group>"; };
		46639C9E1FAF162C008A7AB9 /* WBHomePageController.m */ = {isa = PBXFileReference; fileEncoding = 4; lastKnownFileType = sourcecode.c.objc; path = WBHomePageController.m; sourceTree = "<group>"; };
		46639CA11FAF1642008A7AB9 /* WBMEController.h */ = {isa = PBXFileReference; lastKnownFileType = sourcecode.c.h; path = WBMEController.h; sourceTree = "<group>"; };
		46639CA21FAF1642008A7AB9 /* WBMEController.m */ = {isa = PBXFileReference; lastKnownFileType = sourcecode.c.objc; path = WBMEController.m; sourceTree = "<group>"; };
		46639CA61FAF17AF008A7AB9 /* WBHUD.h */ = {isa = PBXFileReference; lastKnownFileType = sourcecode.c.h; path = WBHUD.h; sourceTree = "<group>"; };
		46639CA71FAF17AF008A7AB9 /* WBHUD.m */ = {isa = PBXFileReference; lastKnownFileType = sourcecode.c.objc; path = WBHUD.m; sourceTree = "<group>"; };
		575A3AB15B565552AC7D8CE9 /* libPods-Whiteboard.a */ = {isa = PBXFileReference; explicitFileType = archive.ar; includeInIndex = 0; path = "libPods-Whiteboard.a"; sourceTree = BUILT_PRODUCTS_DIR; };
		5C44EE0C28D4AF7F5B5DEBA1 /* Pods-Whiteboard.release.xcconfig */ = {isa = PBXFileReference; includeInIndex = 1; lastKnownFileType = text.xcconfig; name = "Pods-Whiteboard.release.xcconfig"; path = "Pods/Target Support Files/Pods-Whiteboard/Pods-Whiteboard.release.xcconfig"; sourceTree = "<group>"; };
/* End PBXFileReference section */

/* Begin PBXFrameworksBuildPhase section */
		46639C2B1FAEE4F6008A7AB9 /* Frameworks */ = {
			isa = PBXFrameworksBuildPhase;
			buildActionMask = 2147483647;
			files = (
				2F590A8E4EFC967D179AF110 /* libPods-Whiteboard.a in Frameworks */,
			);
			runOnlyForDeploymentPostprocessing = 0;
		};
/* End PBXFrameworksBuildPhase section */

/* Begin PBXGroup section */
		464ACCBD1FB06610003778D9 /* MessageEdit */ = {
			isa = PBXGroup;
			children = (
				464ACCBE1FB0662E003778D9 /* WBMessageEditController.h */,
				464ACCBF1FB0662E003778D9 /* WBMessageEditController.m */,
				464ACCC01FB0662E003778D9 /* WBMessageEditController.xib */,
			);
			path = MessageEdit;
			sourceTree = "<group>";
		};
		464ACCC31FB06800003778D9 /* MessageHistory */ = {
			isa = PBXGroup;
			children = (
				464ACCC41FB06815003778D9 /* WBMessageHistoryController.h */,
				464ACCC51FB06815003778D9 /* WBMessageHistoryController.m */,
			);
			path = MessageHistory;
			sourceTree = "<group>";
		};
		464ACCC71FB069A4003778D9 /* MessageDetail */ = {
			isa = PBXGroup;
			children = (
				464ACCC81FB069BB003778D9 /* WBMessageDetailController.h */,
				464ACCC91FB069BB003778D9 /* WBMessageDetailController.m */,
			);
			path = MessageDetail;
			sourceTree = "<group>";
		};
		465E478A1FB0454C0067ABED /* NSString */ = {
			isa = PBXGroup;
			children = (
				465E478B1FB0454C0067ABED /* NSString+OPSize.h */,
				465E478C1FB0454C0067ABED /* NSString+OPSize.m */,
			);
			path = NSString;
			sourceTree = "<group>";
		};
		465E478E1FB04A930067ABED /* Model */ = {
			isa = PBXGroup;
			children = (
				465E47931FB04AFA0067ABED /* WBHomePageCellModel.h */,
				465E47941FB04AFA0067ABED /* WBHomePageCellModel.m */,
			);
			path = Model;
			sourceTree = "<group>";
		};
		465E479B1FB04EE90067ABED /* Cell */ = {
			isa = PBXGroup;
			children = (
				465E47A31FB050DC0067ABED /* WBMeMoreCell.h */,
				465E47A41FB050DC0067ABED /* WBMeMoreCell.m */,
				465E47A51FB050DC0067ABED /* WBMeMoreCell.xib */,
			);
			path = Cell;
			sourceTree = "<group>";
		};
		465E479C1FB04EF30067ABED /* Model */ = {
			isa = PBXGroup;
			children = (
			);
			path = Model;
			sourceTree = "<group>";
		};
		465E479D1FB04F9A0067ABED /* Views */ = {
			isa = PBXGroup;
			children = (
				465E479E1FB04FAA0067ABED /* WBMeHeaderView.h */,
				465E479F1FB04FAA0067ABED /* WBMeHeaderView.m */,
				465E47A11FB04FB40067ABED /* WBMeHeaderView.xib */,
			);
			path = Views;
			sourceTree = "<group>";
		};
		465E47AC1FB05C6B0067ABED /* Cell */ = {
			isa = PBXGroup;
			children = (
				465E47AD1FB05C6B0067ABED /* WBHomePageCell.h */,
				465E47AE1FB05C6B0067ABED /* WBHomePageCell.m */,
				465E47AF1FB05C6B0067ABED /* WBHomePageCell.xib */,
			);
			path = Cell;
			sourceTree = "<group>";
		};
		465E47B21FB05CA50067ABED /* BoardList */ = {
			isa = PBXGroup;
			children = (
				465E47B81FB05CF40067ABED /* Cell */,
				465E47B31FB05CBF0067ABED /* WBBoardListController.h */,
				465E47B41FB05CBF0067ABED /* WBBoardListController.m */,
				465E47B51FB05CBF0067ABED /* WBBoardListController.xib */,
			);
			path = BoardList;
			sourceTree = "<group>";
		};
		465E47B81FB05CF40067ABED /* Cell */ = {
			isa = PBXGroup;
			children = (
				465E47B91FB05D2F0067ABED /* WBBlackboardListItemCell.h */,
				465E47BA1FB05D2F0067ABED /* WBBlackboardListItemCell.m */,
				465E47BB1FB05D2F0067ABED /* WBBlackboardListItemCell.xib */,
			);
			path = Cell;
			sourceTree = "<group>";
		};
		465E47BE1FB0602D0067ABED /* BoardAdd */ = {
			isa = PBXGroup;
			children = (
				465E47BF1FB060430067ABED /* WBBoardAddController.h */,
				465E47C01FB060430067ABED /* WBBoardAddController.m */,
				465E47C11FB060430067ABED /* WBBoardAddController.xib */,
			);
			path = BoardAdd;
			sourceTree = "<group>";
		};
		465E47C41FB062780067ABED /* SelectPhotoTool */ = {
			isa = PBXGroup;
			children = (
				465E47C51FB062780067ABED /* WBSelectPhotoTool.h */,
				465E47C61FB062780067ABED /* WBSelectPhotoTool.m */,
			);
			path = SelectPhotoTool;
			sourceTree = "<group>";
		};
		465E47C81FB062C40067ABED /* Tools */ = {
			isa = PBXGroup;
			children = (
				465E47C91FB062D40067ABED /* UITools.h */,
				465E47CA1FB062D40067ABED /* UITools.m */,
			);
			path = Tools;
			sourceTree = "<group>";
		};
		46639C251FAEE4F6008A7AB9 = {
			isa = PBXGroup;
			children = (
				46639C301FAEE4F6008A7AB9 /* Whiteboard */,
				46639C2F1FAEE4F6008A7AB9 /* Products */,
				500DA24D86A040CD032EBFDF /* Pods */,
				D1FF2394CE2C30C98654A049 /* Frameworks */,
			);
			sourceTree = "<group>";
		};
		46639C2F1FAEE4F6008A7AB9 /* Products */ = {
			isa = PBXGroup;
			children = (
				46639C2E1FAEE4F6008A7AB9 /* Whiteboard.app */,
			);
			name = Products;
			sourceTree = "<group>";
		};
		46639C301FAEE4F6008A7AB9 /* Whiteboard */ = {
			isa = PBXGroup;
			children = (
				46639C471FAEE893008A7AB9 /* Classes */,
				46639C311FAEE4F6008A7AB9 /* AppDelegate.h */,
				46639C321FAEE4F6008A7AB9 /* AppDelegate.m */,
				46639C3A1FAEE4F6008A7AB9 /* Assets.xcassets */,
				46639C4C1FAEE8A1008A7AB9 /* OtherFiles */,
			);
			path = Whiteboard;
			sourceTree = "<group>";
		};
		46639C471FAEE893008A7AB9 /* Classes */ = {
			isa = PBXGroup;
			children = (
				46639C4A1FAEE893008A7AB9 /* UIModules */,
				46639C481FAEE893008A7AB9 /* ModuleControl */,
				46639C491FAEE893008A7AB9 /* ServiceSDK */,
				46639C4B1FAEE893008A7AB9 /* Extra */,
			);
			path = Classes;
			sourceTree = "<group>";
		};
		46639C481FAEE893008A7AB9 /* ModuleControl */ = {
			isa = PBXGroup;
			children = (
				46639C7D1FAEF256008A7AB9 /* WBModuleControl.h */,
				46639C7E1FAEF256008A7AB9 /* WBModuleControl.m */,
			);
			path = ModuleControl;
			sourceTree = "<group>";
		};
		46639C491FAEE893008A7AB9 /* ServiceSDK */ = {
			isa = PBXGroup;
			children = (
			);
			path = ServiceSDK;
			sourceTree = "<group>";
		};
		46639C4A1FAEE893008A7AB9 /* UIModules */ = {
			isa = PBXGroup;
			children = (
				464ACCC71FB069A4003778D9 /* MessageDetail */,
				464ACCC31FB06800003778D9 /* MessageHistory */,
				464ACCBD1FB06610003778D9 /* MessageEdit */,
				465E47BE1FB0602D0067ABED /* BoardAdd */,
				465E47B21FB05CA50067ABED /* BoardList */,
				46639CA01FAF1636008A7AB9 /* Me */,
				46639C9C1FAF162C008A7AB9 /* HomePage */,
				46639C511FAEE927008A7AB9 /* LoginAndRegister */,
			);
			path = UIModules;
			sourceTree = "<group>";
		};
		46639C4B1FAEE893008A7AB9 /* Extra */ = {
			isa = PBXGroup;
			children = (
				465E47C81FB062C40067ABED /* Tools */,
				46639CA41FAF1790008A7AB9 /* CustomView */,
				46639C581FAEE9A8008A7AB9 /* Config */,
				46639C571FAEE993008A7AB9 /* Category */,
				46639C4D1FAEE8D3008A7AB9 /* Base */,
			);
			path = Extra;
			sourceTree = "<group>";
		};
		46639C4C1FAEE8A1008A7AB9 /* OtherFiles */ = {
			isa = PBXGroup;
			children = (
				46639C3C1FAEE4F6008A7AB9 /* LaunchScreen.storyboard */,
				46639C3F1FAEE4F6008A7AB9 /* Info.plist */,
				46639C401FAEE4F6008A7AB9 /* main.m */,
			);
			name = OtherFiles;
			sourceTree = "<group>";
		};
		46639C4D1FAEE8D3008A7AB9 /* Base */ = {
			isa = PBXGroup;
			children = (
				46639C891FAF12DE008A7AB9 /* TabbarVC */,
				46639C541FAEE96C008A7AB9 /* WBBaseController.h */,
				46639C551FAEE96C008A7AB9 /* WBBaseController.m */,
				46639C861FAF0C03008A7AB9 /* WBNavigationController.h */,
				46639C871FAF0C03008A7AB9 /* WBNavigationController.m */,
			);
			path = Base;
			sourceTree = "<group>";
		};
		46639C511FAEE927008A7AB9 /* LoginAndRegister */ = {
			isa = PBXGroup;
			children = (
				46639C801FAEF550008A7AB9 /* Register */,
				46639C521FAEE936008A7AB9 /* Login */,
			);
			path = LoginAndRegister;
			sourceTree = "<group>";
		};
		46639C521FAEE936008A7AB9 /* Login */ = {
			isa = PBXGroup;
			children = (
				46639C781FAEF0FC008A7AB9 /* WBLoginController.h */,
				46639C791FAEF0FC008A7AB9 /* WBLoginController.m */,
				46639C7A1FAEF0FC008A7AB9 /* WBLoginController.xib */,
			);
			path = Login;
			sourceTree = "<group>";
		};
		46639C571FAEE993008A7AB9 /* Category */ = {
			isa = PBXGroup;
			children = (
				465E478A1FB0454C0067ABED /* NSString */,
				46639C711FAEEC32008A7AB9 /* UIViewController */,
				46639C601FAEEC1E008A7AB9 /* UIView */,
				46639C5C1FAEEB1E008A7AB9 /* Color */,
			);
			path = Category;
			sourceTree = "<group>";
		};
		46639C581FAEE9A8008A7AB9 /* Config */ = {
			isa = PBXGroup;
			children = (
				46639C591FAEEA2A008A7AB9 /* WBConfig.pch */,
				46639C5B1FAEEABB008A7AB9 /* LxDBAnything.h */,
				46639C5A1FAEEA99008A7AB9 /* WBConst.h */,
			);
			path = Config;
			sourceTree = "<group>";
		};
		46639C5C1FAEEB1E008A7AB9 /* Color */ = {
			isa = PBXGroup;
			children = (
				46639C5D1FAEEB3E008A7AB9 /* UIColor+Hex.h */,
				46639C5E1FAEEB3E008A7AB9 /* UIColor+Hex.m */,
			);
			path = Color;
			sourceTree = "<group>";
		};
		46639C601FAEEC1E008A7AB9 /* UIView */ = {
			isa = PBXGroup;
			children = (
				46639C611FAEEC1E008A7AB9 /* UIView+Frame */,
				46639C641FAEEC1E008A7AB9 /* UIView+Inspectable */,
				46639C671FAEEC1E008A7AB9 /* UIView+NextResponder */,
				46639C6A1FAEEC1E008A7AB9 /* UIView+Toast */,
			);
			path = UIView;
			sourceTree = "<group>";
		};
		46639C611FAEEC1E008A7AB9 /* UIView+Frame */ = {
			isa = PBXGroup;
			children = (
				46639C621FAEEC1E008A7AB9 /* UIView+Frame.h */,
				46639C631FAEEC1E008A7AB9 /* UIView+Frame.m */,
			);
			path = "UIView+Frame";
			sourceTree = "<group>";
		};
		46639C641FAEEC1E008A7AB9 /* UIView+Inspectable */ = {
			isa = PBXGroup;
			children = (
				46639C651FAEEC1E008A7AB9 /* UIView+Inspectable.h */,
				46639C661FAEEC1E008A7AB9 /* UIView+Inspectable.m */,
			);
			path = "UIView+Inspectable";
			sourceTree = "<group>";
		};
		46639C671FAEEC1E008A7AB9 /* UIView+NextResponder */ = {
			isa = PBXGroup;
			children = (
				46639C681FAEEC1E008A7AB9 /* UIView+NextResponder.h */,
				46639C691FAEEC1E008A7AB9 /* UIView+NextResponder.m */,
			);
			path = "UIView+NextResponder";
			sourceTree = "<group>";
		};
		46639C6A1FAEEC1E008A7AB9 /* UIView+Toast */ = {
			isa = PBXGroup;
			children = (
				46639C6B1FAEEC1E008A7AB9 /* UIView+Toast.h */,
				46639C6C1FAEEC1E008A7AB9 /* UIView+Toast.m */,
			);
			path = "UIView+Toast";
			sourceTree = "<group>";
		};
		46639C711FAEEC32008A7AB9 /* UIViewController */ = {
			isa = PBXGroup;
			children = (
				46639C741FAEEC32008A7AB9 /* UIViewController+NavBarItemExtension.h */,
				46639C751FAEEC32008A7AB9 /* UIViewController+NavBarItemExtension.m */,
			);
			path = UIViewController;
			sourceTree = "<group>";
		};
		46639C801FAEF550008A7AB9 /* Register */ = {
			isa = PBXGroup;
			children = (
				46639C811FAEF569008A7AB9 /* WBRegisterController.h */,
				46639C821FAEF569008A7AB9 /* WBRegisterController.m */,
				46639C831FAEF569008A7AB9 /* WBRegisterController.xib */,
			);
			path = Register;
			sourceTree = "<group>";
		};
		46639C891FAF12DE008A7AB9 /* TabbarVC */ = {
			isa = PBXGroup;
			children = (
				46639C8D1FAF12FE008A7AB9 /* Views */,
				46639C8A1FAF12FA008A7AB9 /* WBTabBarController.h */,
				46639C8B1FAF12FA008A7AB9 /* WBTabBarController.m */,
			);
			path = TabbarVC;
			sourceTree = "<group>";
		};
		46639C8D1FAF12FE008A7AB9 /* Views */ = {
			isa = PBXGroup;
			children = (
				46639C8E1FAF1334008A7AB9 /* WBTabBar.h */,
				46639C8F1FAF1334008A7AB9 /* WBTabBar.m */,
				46639C911FAF1345008A7AB9 /* WBTabBarButton.h */,
				46639C921FAF1345008A7AB9 /* WBTabBarButton.m */,
			);
			path = Views;
			sourceTree = "<group>";
		};
		46639C9C1FAF162C008A7AB9 /* HomePage */ = {
			isa = PBXGroup;
			children = (
				465E47AC1FB05C6B0067ABED /* Cell */,
				465E478E1FB04A930067ABED /* Model */,
				46639C9D1FAF162C008A7AB9 /* WBHomePageController.h */,
				46639C9E1FAF162C008A7AB9 /* WBHomePageController.m */,
			);
			path = HomePage;
			sourceTree = "<group>";
		};
		46639CA01FAF1636008A7AB9 /* Me */ = {
			isa = PBXGroup;
			children = (
				465E479D1FB04F9A0067ABED /* Views */,
				465E479C1FB04EF30067ABED /* Model */,
				465E479B1FB04EE90067ABED /* Cell */,
				46639CA11FAF1642008A7AB9 /* WBMEController.h */,
				46639CA21FAF1642008A7AB9 /* WBMEController.m */,
			);
			path = Me;
			sourceTree = "<group>";
		};
		46639CA41FAF1790008A7AB9 /* CustomView */ = {
			isa = PBXGroup;
			children = (
				465E47C41FB062780067ABED /* SelectPhotoTool */,
				46639CA51FAF179A008A7AB9 /* HUD */,
			);
			path = CustomView;
			sourceTree = "<group>";
		};
		46639CA51FAF179A008A7AB9 /* HUD */ = {
			isa = PBXGroup;
			children = (
				46639CA61FAF17AF008A7AB9 /* WBHUD.h */,
				46639CA71FAF17AF008A7AB9 /* WBHUD.m */,
			);
			path = HUD;
			sourceTree = "<group>";
		};
		500DA24D86A040CD032EBFDF /* Pods */ = {
			isa = PBXGroup;
			children = (
				3A4B4B4C7956696616DAD624 /* Pods-Whiteboard.debug.xcconfig */,
				5C44EE0C28D4AF7F5B5DEBA1 /* Pods-Whiteboard.release.xcconfig */,
			);
			name = Pods;
			sourceTree = "<group>";
		};
		D1FF2394CE2C30C98654A049 /* Frameworks */ = {
			isa = PBXGroup;
			children = (
				575A3AB15B565552AC7D8CE9 /* libPods-Whiteboard.a */,
			);
			name = Frameworks;
			sourceTree = "<group>";
		};
/* End PBXGroup section */

/* Begin PBXNativeTarget section */
		46639C2D1FAEE4F6008A7AB9 /* Whiteboard */ = {
			isa = PBXNativeTarget;
			buildConfigurationList = 46639C441FAEE4F6008A7AB9 /* Build configuration list for PBXNativeTarget "Whiteboard" */;
			buildPhases = (
				5B85592B37FD5464A3E5AD08 /* [CP] Check Pods Manifest.lock */,
				46639C2A1FAEE4F6008A7AB9 /* Sources */,
				46639C2B1FAEE4F6008A7AB9 /* Frameworks */,
				46639C2C1FAEE4F6008A7AB9 /* Resources */,
				2E787CD2629D29A83A16E998 /* [CP] Embed Pods Frameworks */,
				4CE15DD567B29EAA8DAD4431 /* [CP] Copy Pods Resources */,
			);
			buildRules = (
			);
			dependencies = (
			);
			name = Whiteboard;
			productName = Whiteboard;
			productReference = 46639C2E1FAEE4F6008A7AB9 /* Whiteboard.app */;
			productType = "com.apple.product-type.application";
		};
/* End PBXNativeTarget section */

/* Begin PBXProject section */
		46639C261FAEE4F6008A7AB9 /* Project object */ = {
			isa = PBXProject;
			attributes = {
				CLASSPREFIX = WB;
				LastUpgradeCheck = 0910;
				ORGANIZATIONNAME = RedRain;
				TargetAttributes = {
					46639C2D1FAEE4F6008A7AB9 = {
						CreatedOnToolsVersion = 9.1;
						ProvisioningStyle = Manual;
					};
				};
			};
			buildConfigurationList = 46639C291FAEE4F6008A7AB9 /* Build configuration list for PBXProject "Whiteboard" */;
			compatibilityVersion = "Xcode 8.0";
			developmentRegion = en;
			hasScannedForEncodings = 0;
			knownRegions = (
				en,
				Base,
			);
			mainGroup = 46639C251FAEE4F6008A7AB9;
			productRefGroup = 46639C2F1FAEE4F6008A7AB9 /* Products */;
			projectDirPath = "";
			projectRoot = "";
			targets = (
				46639C2D1FAEE4F6008A7AB9 /* Whiteboard */,
			);
		};
/* End PBXProject section */

/* Begin PBXResourcesBuildPhase section */
		46639C2C1FAEE4F6008A7AB9 /* Resources */ = {
			isa = PBXResourcesBuildPhase;
			buildActionMask = 2147483647;
			files = (
				465E47A71FB050DC0067ABED /* WBMeMoreCell.xib in Resources */,
				464ACCC21FB0662E003778D9 /* WBMessageEditController.xib in Resources */,
				46639C7C1FAEF0FC008A7AB9 /* WBLoginController.xib in Resources */,
				46639C3E1FAEE4F6008A7AB9 /* LaunchScreen.storyboard in Resources */,
				465E47BD1FB05D2F0067ABED /* WBBlackboardListItemCell.xib in Resources */,
				465E47B71FB05CBF0067ABED /* WBBoardListController.xib in Resources */,
				465E47C31FB060430067ABED /* WBBoardAddController.xib in Resources */,
				46639C3B1FAEE4F6008A7AB9 /* Assets.xcassets in Resources */,
				465E47B11FB05C6C0067ABED /* WBHomePageCell.xib in Resources */,
				465E47A21FB04FB40067ABED /* WBMeHeaderView.xib in Resources */,
				46639C851FAEF569008A7AB9 /* WBRegisterController.xib in Resources */,
			);
			runOnlyForDeploymentPostprocessing = 0;
		};
/* End PBXResourcesBuildPhase section */

/* Begin PBXShellScriptBuildPhase section */
		2E787CD2629D29A83A16E998 /* [CP] Embed Pods Frameworks */ = {
			isa = PBXShellScriptBuildPhase;
			buildActionMask = 2147483647;
			files = (
			);
			inputPaths = (
			);
			name = "[CP] Embed Pods Frameworks";
			outputPaths = (
			);
			runOnlyForDeploymentPostprocessing = 0;
			shellPath = /bin/sh;
			shellScript = "\"${SRCROOT}/Pods/Target Support Files/Pods-Whiteboard/Pods-Whiteboard-frameworks.sh\"\n";
			showEnvVarsInLog = 0;
		};
		4CE15DD567B29EAA8DAD4431 /* [CP] Copy Pods Resources */ = {
			isa = PBXShellScriptBuildPhase;
			buildActionMask = 2147483647;
			files = (
			);
			inputPaths = (
				"${SRCROOT}/Pods/Target Support Files/Pods-Whiteboard/Pods-Whiteboard-resources.sh",
				"${PODS_ROOT}/AVOSCloud/AVOS/AVOSCloud/AVOSCloud_Art.inc",
				"${PODS_ROOT}/MJRefresh/MJRefresh/MJRefresh.bundle",
			);
			name = "[CP] Copy Pods Resources";
			outputPaths = (
				"${TARGET_BUILD_DIR}/${UNLOCALIZED_RESOURCES_FOLDER_PATH}",
			);
			runOnlyForDeploymentPostprocessing = 0;
			shellPath = /bin/sh;
			shellScript = "\"${SRCROOT}/Pods/Target Support Files/Pods-Whiteboard/Pods-Whiteboard-resources.sh\"\n";
			showEnvVarsInLog = 0;
		};
		5B85592B37FD5464A3E5AD08 /* [CP] Check Pods Manifest.lock */ = {
			isa = PBXShellScriptBuildPhase;
			buildActionMask = 2147483647;
			files = (
			);
			inputPaths = (
				"${PODS_PODFILE_DIR_PATH}/Podfile.lock",
				"${PODS_ROOT}/Manifest.lock",
			);
			name = "[CP] Check Pods Manifest.lock";
			outputPaths = (
				"$(DERIVED_FILE_DIR)/Pods-Whiteboard-checkManifestLockResult.txt",
			);
			runOnlyForDeploymentPostprocessing = 0;
			shellPath = /bin/sh;
			shellScript = "diff \"${PODS_PODFILE_DIR_PATH}/Podfile.lock\" \"${PODS_ROOT}/Manifest.lock\" > /dev/null\nif [ $? != 0 ] ; then\n    # print error to STDERR\n    echo \"error: The sandbox is not in sync with the Podfile.lock. Run 'pod install' or update your CocoaPods installation.\" >&2\n    exit 1\nfi\n# This output is used by Xcode 'outputs' to avoid re-running this script phase.\necho \"SUCCESS\" > \"${SCRIPT_OUTPUT_FILE_0}\"\n";
			showEnvVarsInLog = 0;
		};
/* End PBXShellScriptBuildPhase section */

/* Begin PBXSourcesBuildPhase section */
		46639C2A1FAEE4F6008A7AB9 /* Sources */ = {
			isa = PBXSourcesBuildPhase;
			buildActionMask = 2147483647;
			files = (
				46639C701FAEEC1E008A7AB9 /* UIView+Toast.m in Sources */,
				465E478D1FB0454C0067ABED /* NSString+OPSize.m in Sources */,
				46639C411FAEE4F6008A7AB9 /* main.m in Sources */,
				465E47A01FB04FAA0067ABED /* WBMeHeaderView.m in Sources */,
				46639C7F1FAEF256008A7AB9 /* WBModuleControl.m in Sources */,
				465E47C71FB062780067ABED /* WBSelectPhotoTool.m in Sources */,
				46639C6E1FAEEC1E008A7AB9 /* UIView+Inspectable.m in Sources */,
				46639CA31FAF1642008A7AB9 /* WBMEController.m in Sources */,
				464ACCC61FB06815003778D9 /* WBMessageHistoryController.m in Sources */,
				465E47A61FB050DC0067ABED /* WBMeMoreCell.m in Sources */,
				46639C881FAF0C03008A7AB9 /* WBNavigationController.m in Sources */,
				464ACCCA1FB069BB003778D9 /* WBMessageDetailController.m in Sources */,
				46639C5F1FAEEB3E008A7AB9 /* UIColor+Hex.m in Sources */,
				46639C901FAF1334008A7AB9 /* WBTabBar.m in Sources */,
				46639C8C1FAF12FA008A7AB9 /* WBTabBarController.m in Sources */,
				46639C561FAEE96C008A7AB9 /* WBBaseController.m in Sources */,
				465E47CB1FB062D40067ABED /* UITools.m in Sources */,
				465E47B61FB05CBF0067ABED /* WBBoardListController.m in Sources */,
				465E47951FB04AFA0067ABED /* WBHomePageCellModel.m in Sources */,
				46639C7B1FAEF0FC008A7AB9 /* WBLoginController.m in Sources */,
				46639C771FAEEC32008A7AB9 /* UIViewController+NavBarItemExtension.m in Sources */,
				46639C6D1FAEEC1E008A7AB9 /* UIView+Frame.m in Sources */,
				465E47BC1FB05D2F0067ABED /* WBBlackboardListItemCell.m in Sources */,
				46639C931FAF1345008A7AB9 /* WBTabBarButton.m in Sources */,
				464ACCC11FB0662E003778D9 /* WBMessageEditController.m in Sources */,
				465E47B01FB05C6C0067ABED /* WBHomePageCell.m in Sources */,
				46639C331FAEE4F6008A7AB9 /* AppDelegate.m in Sources */,
				46639CA81FAF17AF008A7AB9 /* WBHUD.m in Sources */,
				46639C6F1FAEEC1E008A7AB9 /* UIView+NextResponder.m in Sources */,
				465E47C21FB060430067ABED /* WBBoardAddController.m in Sources */,
				46639C9F1FAF162D008A7AB9 /* WBHomePageController.m in Sources */,
				46639C841FAEF569008A7AB9 /* WBRegisterController.m in Sources */,
			);
			runOnlyForDeploymentPostprocessing = 0;
		};
/* End PBXSourcesBuildPhase section */

/* Begin PBXVariantGroup section */
		46639C3C1FAEE4F6008A7AB9 /* LaunchScreen.storyboard */ = {
			isa = PBXVariantGroup;
			children = (
				46639C3D1FAEE4F6008A7AB9 /* Base */,
			);
			name = LaunchScreen.storyboard;
			sourceTree = "<group>";
		};
/* End PBXVariantGroup section */

/* Begin XCBuildConfiguration section */
		46639C421FAEE4F6008A7AB9 /* Debug */ = {
			isa = XCBuildConfiguration;
			buildSettings = {
				ALWAYS_SEARCH_USER_PATHS = NO;
				CLANG_ANALYZER_NONNULL = YES;
				CLANG_ANALYZER_NUMBER_OBJECT_CONVERSION = YES_AGGRESSIVE;
				CLANG_CXX_LANGUAGE_STANDARD = "gnu++14";
				CLANG_CXX_LIBRARY = "libc++";
				CLANG_ENABLE_MODULES = YES;
				CLANG_ENABLE_OBJC_ARC = YES;
				CLANG_WARN_BLOCK_CAPTURE_AUTORELEASING = YES;
				CLANG_WARN_BOOL_CONVERSION = YES;
				CLANG_WARN_COMMA = YES;
				CLANG_WARN_CONSTANT_CONVERSION = YES;
				CLANG_WARN_DIRECT_OBJC_ISA_USAGE = YES_ERROR;
				CLANG_WARN_DOCUMENTATION_COMMENTS = YES;
				CLANG_WARN_EMPTY_BODY = YES;
				CLANG_WARN_ENUM_CONVERSION = YES;
				CLANG_WARN_INFINITE_RECURSION = YES;
				CLANG_WARN_INT_CONVERSION = YES;
				CLANG_WARN_NON_LITERAL_NULL_CONVERSION = YES;
				CLANG_WARN_OBJC_LITERAL_CONVERSION = YES;
				CLANG_WARN_OBJC_ROOT_CLASS = YES_ERROR;
				CLANG_WARN_RANGE_LOOP_ANALYSIS = YES;
				CLANG_WARN_STRICT_PROTOTYPES = YES;
				CLANG_WARN_SUSPICIOUS_MOVE = YES;
				CLANG_WARN_UNGUARDED_AVAILABILITY = YES_AGGRESSIVE;
				CLANG_WARN_UNREACHABLE_CODE = YES;
				CLANG_WARN__DUPLICATE_METHOD_MATCH = YES;
				CODE_SIGN_IDENTITY = "iPhone Developer";
				COPY_PHASE_STRIP = NO;
				DEBUG_INFORMATION_FORMAT = dwarf;
				ENABLE_STRICT_OBJC_MSGSEND = YES;
				ENABLE_TESTABILITY = YES;
				GCC_C_LANGUAGE_STANDARD = gnu11;
				GCC_DYNAMIC_NO_PIC = NO;
				GCC_NO_COMMON_BLOCKS = YES;
				GCC_OPTIMIZATION_LEVEL = 0;
				GCC_PREPROCESSOR_DEFINITIONS = (
					"DEBUG=1",
					"$(inherited)",
				);
				GCC_WARN_64_TO_32_BIT_CONVERSION = YES;
				GCC_WARN_ABOUT_RETURN_TYPE = YES_ERROR;
				GCC_WARN_UNDECLARED_SELECTOR = YES;
				GCC_WARN_UNINITIALIZED_AUTOS = YES_AGGRESSIVE;
				GCC_WARN_UNUSED_FUNCTION = YES;
				GCC_WARN_UNUSED_VARIABLE = YES;
				IPHONEOS_DEPLOYMENT_TARGET = 11.1;
				MTL_ENABLE_DEBUG_INFO = YES;
				ONLY_ACTIVE_ARCH = YES;
				SDKROOT = iphoneos;
			};
			name = Debug;
		};
		46639C431FAEE4F6008A7AB9 /* Release */ = {
			isa = XCBuildConfiguration;
			buildSettings = {
				ALWAYS_SEARCH_USER_PATHS = NO;
				CLANG_ANALYZER_NONNULL = YES;
				CLANG_ANALYZER_NUMBER_OBJECT_CONVERSION = YES_AGGRESSIVE;
				CLANG_CXX_LANGUAGE_STANDARD = "gnu++14";
				CLANG_CXX_LIBRARY = "libc++";
				CLANG_ENABLE_MODULES = YES;
				CLANG_ENABLE_OBJC_ARC = YES;
				CLANG_WARN_BLOCK_CAPTURE_AUTORELEASING = YES;
				CLANG_WARN_BOOL_CONVERSION = YES;
				CLANG_WARN_COMMA = YES;
				CLANG_WARN_CONSTANT_CONVERSION = YES;
				CLANG_WARN_DIRECT_OBJC_ISA_USAGE = YES_ERROR;
				CLANG_WARN_DOCUMENTATION_COMMENTS = YES;
				CLANG_WARN_EMPTY_BODY = YES;
				CLANG_WARN_ENUM_CONVERSION = YES;
				CLANG_WARN_INFINITE_RECURSION = YES;
				CLANG_WARN_INT_CONVERSION = YES;
				CLANG_WARN_NON_LITERAL_NULL_CONVERSION = YES;
				CLANG_WARN_OBJC_LITERAL_CONVERSION = YES;
				CLANG_WARN_OBJC_ROOT_CLASS = YES_ERROR;
				CLANG_WARN_RANGE_LOOP_ANALYSIS = YES;
				CLANG_WARN_STRICT_PROTOTYPES = YES;
				CLANG_WARN_SUSPICIOUS_MOVE = YES;
				CLANG_WARN_UNGUARDED_AVAILABILITY = YES_AGGRESSIVE;
				CLANG_WARN_UNREACHABLE_CODE = YES;
				CLANG_WARN__DUPLICATE_METHOD_MATCH = YES;
				CODE_SIGN_IDENTITY = "iPhone Developer";
				COPY_PHASE_STRIP = NO;
				DEBUG_INFORMATION_FORMAT = "dwarf-with-dsym";
				ENABLE_NS_ASSERTIONS = NO;
				ENABLE_STRICT_OBJC_MSGSEND = YES;
				GCC_C_LANGUAGE_STANDARD = gnu11;
				GCC_NO_COMMON_BLOCKS = YES;
				GCC_WARN_64_TO_32_BIT_CONVERSION = YES;
				GCC_WARN_ABOUT_RETURN_TYPE = YES_ERROR;
				GCC_WARN_UNDECLARED_SELECTOR = YES;
				GCC_WARN_UNINITIALIZED_AUTOS = YES_AGGRESSIVE;
				GCC_WARN_UNUSED_FUNCTION = YES;
				GCC_WARN_UNUSED_VARIABLE = YES;
				IPHONEOS_DEPLOYMENT_TARGET = 11.1;
				MTL_ENABLE_DEBUG_INFO = NO;
				SDKROOT = iphoneos;
				VALIDATE_PRODUCT = YES;
			};
			name = Release;
		};
		46639C451FAEE4F6008A7AB9 /* Debug */ = {
			isa = XCBuildConfiguration;
			baseConfigurationReference = 3A4B4B4C7956696616DAD624 /* Pods-Whiteboard.debug.xcconfig */;
			buildSettings = {
				ASSETCATALOG_COMPILER_APPICON_NAME = AppIcon;
				CODE_SIGN_STYLE = Manual;
				DEVELOPMENT_TEAM = "";
				GCC_PREFIX_HEADER = "${SRCROOT}/Whiteboard/Classes/Extra/Config/WBConfig.pch";
				INFOPLIST_FILE = Whiteboard/Info.plist;
				IPHONEOS_DEPLOYMENT_TARGET = 11.0;
				LD_RUNPATH_SEARCH_PATHS = "$(inherited) @executable_path/Frameworks";
				PRODUCT_BUNDLE_IDENTIFIER = com.redrain.Whiteboard;
				PRODUCT_NAME = "$(TARGET_NAME)";
				PROVISIONING_PROFILE_SPECIFIER = "";
				TARGETED_DEVICE_FAMILY = 1;
			};
			name = Debug;
		};
		46639C461FAEE4F6008A7AB9 /* Release */ = {
			isa = XCBuildConfiguration;
			baseConfigurationReference = 5C44EE0C28D4AF7F5B5DEBA1 /* Pods-Whiteboard.release.xcconfig */;
			buildSettings = {
				ASSETCATALOG_COMPILER_APPICON_NAME = AppIcon;
				CODE_SIGN_STYLE = Manual;
				DEVELOPMENT_TEAM = "";
				GCC_PREFIX_HEADER = "${SRCROOT}/Whiteboard/Classes/Extra/Config/WBConfig.pch";
				INFOPLIST_FILE = Whiteboard/Info.plist;
				IPHONEOS_DEPLOYMENT_TARGET = 11.0;
				LD_RUNPATH_SEARCH_PATHS = "$(inherited) @executable_path/Frameworks";
				PRODUCT_BUNDLE_IDENTIFIER = com.redrain.Whiteboard;
				PRODUCT_NAME = "$(TARGET_NAME)";
				PROVISIONING_PROFILE_SPECIFIER = "";
				TARGETED_DEVICE_FAMILY = 1;
			};
			name = Release;
		};
/* End XCBuildConfiguration section */

/* Begin XCConfigurationList section */
		46639C291FAEE4F6008A7AB9 /* Build configuration list for PBXProject "Whiteboard" */ = {
			isa = XCConfigurationList;
			buildConfigurations = (
				46639C421FAEE4F6008A7AB9 /* Debug */,
				46639C431FAEE4F6008A7AB9 /* Release */,
			);
			defaultConfigurationIsVisible = 0;
			defaultConfigurationName = Release;
		};
		46639C441FAEE4F6008A7AB9 /* Build configuration list for PBXNativeTarget "Whiteboard" */ = {
			isa = XCConfigurationList;
			buildConfigurations = (
				46639C451FAEE4F6008A7AB9 /* Debug */,
				46639C461FAEE4F6008A7AB9 /* Release */,
			);
			defaultConfigurationIsVisible = 0;
			defaultConfigurationName = Release;
		};
/* End XCConfigurationList section */
	};
	rootObject = 46639C261FAEE4F6008A7AB9 /* Project object */;
}
